// !$*UTF8*$!
{
	archiveVersion = 1;
	classes = {
	};
	objectVersion = 77;
	objects = {

/* Begin PBXBuildFile section */
		EF51615B2D740A6F0096EF8F /* HomeView.swift in Sources */ = {isa = PBXBuildFile; fileRef = EF5161582D740A6F0096EF8F /* HomeView.swift */; };
		EF51615C2D740A6F0096EF8F /* CookBookApp.swift in Sources */ = {isa = PBXBuildFile; fileRef = EF5161592D740A6F0096EF8F /* CookBookApp.swift */; };
		EF51615D2D740A6F0096EF8F /* Preview Assets.xcassets in Resources */ = {isa = PBXBuildFile; fileRef = EF5161552D740A6F0096EF8F /* Preview Assets.xcassets */; };
		EF51615E2D740A6F0096EF8F /* Assets.xcassets in Resources */ = {isa = PBXBuildFile; fileRef = EF5161572D740A6F0096EF8F /* Assets.xcassets */; };
		EF5161602D740ABE0096EF8F /* .gitignore in Resources */ = {isa = PBXBuildFile; fileRef = EF51615F2D740ABE0096EF8F /* .gitignore */; };
		EF5161642D740B580096EF8F /* Recipe.swift in Sources */ = {isa = PBXBuildFile; fileRef = EF5161632D740B580096EF8F /* Recipe.swift */; };
		EF5161662D740BDC0096EF8F /* LoginView.swift in Sources */ = {isa = PBXBuildFile; fileRef = EF5161652D740BDC0096EF8F /* LoginView.swift */; };
		EF5161682D740E0B0096EF8F /* Colors.xcassets in Resources */ = {isa = PBXBuildFile; fileRef = EF5161672D740E0B0096EF8F /* Colors.xcassets */; };
		EF51616B2D7410E10096EF8F /* LoginViewModel.swift in Sources */ = {isa = PBXBuildFile; fileRef = EF51616A2D7410E10096EF8F /* LoginViewModel.swift */; };
		EF51616D2D7411760096EF8F /* RegisterView.swift in Sources */ = {isa = PBXBuildFile; fileRef = EF51616C2D7411760096EF8F /* RegisterView.swift */; };
		EF5161702D7414D90096EF8F /* AuthTextFieldStyle.swift in Sources */ = {isa = PBXBuildFile; fileRef = EF51616F2D7414D90096EF8F /* AuthTextFieldStyle.swift */; };
		EF5161722D741AAA0096EF8F /* PasswordComponentView.swift in Sources */ = {isa = PBXBuildFile; fileRef = EF5161712D741AAA0096EF8F /* PasswordComponentView.swift */; };
		EF5161742D74243B0096EF8F /* RegisterViewModel.swift in Sources */ = {isa = PBXBuildFile; fileRef = EF5161732D74243B0096EF8F /* RegisterViewModel.swift */; };
		EF5161762D74282D0096EF8F /* HomeViewModel.swift in Sources */ = {isa = PBXBuildFile; fileRef = EF5161752D74282D0096EF8F /* HomeViewModel.swift */; };
		EF5161782D742A0C0096EF8F /* SessionState.swift in Sources */ = {isa = PBXBuildFile; fileRef = EF5161772D742A0C0096EF8F /* SessionState.swift */; };
		EF51617B2D742A4D0096EF8F /* SessionManager.swift in Sources */ = {isa = PBXBuildFile; fileRef = EF51617A2D742A4D0096EF8F /* SessionManager.swift */; };
		EF51617D2D74345F0096EF8F /* RecipeDetailView.swift in Sources */ = {isa = PBXBuildFile; fileRef = EF51617C2D74345F0096EF8F /* RecipeDetailView.swift */; };
		EF51617F2D7439020096EF8F /* AddRecipeView.swift in Sources */ = {isa = PBXBuildFile; fileRef = EF51617E2D7439020096EF8F /* AddRecipeView.swift */; };
		EF5161812D7439260096EF8F /* AddRecipeViewModel.swift in Sources */ = {isa = PBXBuildFile; fileRef = EF5161802D7439260096EF8F /* AddRecipeViewModel.swift */; };
		EF5161832D7439540096EF8F /* CapsuleTextFieldStyle.swift in Sources */ = {isa = PBXBuildFile; fileRef = EF5161822D7439540096EF8F /* CapsuleTextFieldStyle.swift */; };
		EF5161852D7439910096EF8F /* PrimaryButtonStyle.swift in Sources */ = {isa = PBXBuildFile; fileRef = EF5161842D7439910096EF8F /* PrimaryButtonStyle.swift */; };
		EFA1087B2D884FFB00C38136 /* ImageLoaderViewModel.swift in Sources */ = {isa = PBXBuildFile; fileRef = EFA1087A2D884FFB00C38136 /* ImageLoaderViewModel.swift */; };
		EFA1088D2D8855DA00C38136 /* CameraPicker.swift in Sources */ = {isa = PBXBuildFile; fileRef = EFA1088C2D8855DA00C38136 /* CameraPicker.swift */; };
		EFD93FE82D8685AF0013CF13 /* GoogleService-Info.plist in Resources */ = {isa = PBXBuildFile; fileRef = EFD93FE72D8685AF0013CF13 /* GoogleService-Info.plist */; };
		EFD93FEB2D8687280013CF13 /* FirebaseAuth in Frameworks */ = {isa = PBXBuildFile; productRef = EFD93FEA2D8687280013CF13 /* FirebaseAuth */; };
		EFD93FED2D8687280013CF13 /* FirebaseFirestore in Frameworks */ = {isa = PBXBuildFile; productRef = EFD93FEC2D8687280013CF13 /* FirebaseFirestore */; };
		EFD93FEF2D8687280013CF13 /* FirebaseStorage in Frameworks */ = {isa = PBXBuildFile; productRef = EFD93FEE2D8687280013CF13 /* FirebaseStorage */; };
		EFD93FF12D8698810013CF13 /* LoadingComponentView.swift in Sources */ = {isa = PBXBuildFile; fileRef = EFD93FF02D8698810013CF13 /* LoadingComponentView.swift */; };
		EFD93FF32D86A6220013CF13 /* User.swift in Sources */ = {isa = PBXBuildFile; fileRef = EFD93FF22D86A6220013CF13 /* User.swift */; };
		EFF69AF82D89A368004A8944 /* ProgressComponentView.swift in Sources */ = {isa = PBXBuildFile; fileRef = EFF69AF72D89A368004A8944 /* ProgressComponentView.swift */; };
/* End PBXBuildFile section */

/* Begin PBXFileReference section */
		EF5161442D740A670096EF8F /* CookBook.app */ = {isa = PBXFileReference; explicitFileType = wrapper.application; includeInIndex = 0; path = CookBook.app; sourceTree = BUILT_PRODUCTS_DIR; };
		EF5161552D740A6F0096EF8F /* Preview Assets.xcassets */ = {isa = PBXFileReference; lastKnownFileType = folder.assetcatalog; path = "Preview Assets.xcassets"; sourceTree = "<group>"; };
		EF5161572D740A6F0096EF8F /* Assets.xcassets */ = {isa = PBXFileReference; lastKnownFileType = folder.assetcatalog; path = Assets.xcassets; sourceTree = "<group>"; };
		EF5161582D740A6F0096EF8F /* HomeView.swift */ = {isa = PBXFileReference; lastKnownFileType = sourcecode.swift; path = HomeView.swift; sourceTree = "<group>"; };
		EF5161592D740A6F0096EF8F /* CookBookApp.swift */ = {isa = PBXFileReference; lastKnownFileType = sourcecode.swift; path = CookBookApp.swift; sourceTree = "<group>"; };
		EF51615F2D740ABE0096EF8F /* .gitignore */ = {isa = PBXFileReference; lastKnownFileType = text; path = .gitignore; sourceTree = "<group>"; };
		EF5161632D740B580096EF8F /* Recipe.swift */ = {isa = PBXFileReference; lastKnownFileType = sourcecode.swift; path = Recipe.swift; sourceTree = "<group>"; };
		EF5161652D740BDC0096EF8F /* LoginView.swift */ = {isa = PBXFileReference; lastKnownFileType = sourcecode.swift; path = LoginView.swift; sourceTree = "<group>"; };
		EF5161672D740E0B0096EF8F /* Colors.xcassets */ = {isa = PBXFileReference; lastKnownFileType = folder.assetcatalog; path = Colors.xcassets; sourceTree = "<group>"; };
		EF51616A2D7410E10096EF8F /* LoginViewModel.swift */ = {isa = PBXFileReference; lastKnownFileType = sourcecode.swift; path = LoginViewModel.swift; sourceTree = "<group>"; };
		EF51616C2D7411760096EF8F /* RegisterView.swift */ = {isa = PBXFileReference; lastKnownFileType = sourcecode.swift; path = RegisterView.swift; sourceTree = "<group>"; };
		EF51616F2D7414D90096EF8F /* AuthTextFieldStyle.swift */ = {isa = PBXFileReference; lastKnownFileType = sourcecode.swift; path = AuthTextFieldStyle.swift; sourceTree = "<group>"; };
		EF5161712D741AAA0096EF8F /* PasswordComponentView.swift */ = {isa = PBXFileReference; lastKnownFileType = sourcecode.swift; path = PasswordComponentView.swift; sourceTree = "<group>"; };
		EF5161732D74243B0096EF8F /* RegisterViewModel.swift */ = {isa = PBXFileReference; lastKnownFileType = sourcecode.swift; path = RegisterViewModel.swift; sourceTree = "<group>"; };
		EF5161752D74282D0096EF8F /* HomeViewModel.swift */ = {isa = PBXFileReference; lastKnownFileType = sourcecode.swift; path = HomeViewModel.swift; sourceTree = "<group>"; };
		EF5161772D742A0C0096EF8F /* SessionState.swift */ = {isa = PBXFileReference; lastKnownFileType = sourcecode.swift; path = SessionState.swift; sourceTree = "<group>"; };
		EF51617A2D742A4D0096EF8F /* SessionManager.swift */ = {isa = PBXFileReference; lastKnownFileType = sourcecode.swift; path = SessionManager.swift; sourceTree = "<group>"; };
		EF51617C2D74345F0096EF8F /* RecipeDetailView.swift */ = {isa = PBXFileReference; lastKnownFileType = sourcecode.swift; path = RecipeDetailView.swift; sourceTree = "<group>"; };
		EF51617E2D7439020096EF8F /* AddRecipeView.swift */ = {isa = PBXFileReference; lastKnownFileType = sourcecode.swift; path = AddRecipeView.swift; sourceTree = "<group>"; };
		EF5161802D7439260096EF8F /* AddRecipeViewModel.swift */ = {isa = PBXFileReference; lastKnownFileType = sourcecode.swift; path = AddRecipeViewModel.swift; sourceTree = "<group>"; };
		EF5161822D7439540096EF8F /* CapsuleTextFieldStyle.swift */ = {isa = PBXFileReference; lastKnownFileType = sourcecode.swift; path = CapsuleTextFieldStyle.swift; sourceTree = "<group>"; };
		EF5161842D7439910096EF8F /* PrimaryButtonStyle.swift */ = {isa = PBXFileReference; lastKnownFileType = sourcecode.swift; path = PrimaryButtonStyle.swift; sourceTree = "<group>"; };
		EFA1087A2D884FFB00C38136 /* ImageLoaderViewModel.swift */ = {isa = PBXFileReference; lastKnownFileType = sourcecode.swift; path = ImageLoaderViewModel.swift; sourceTree = "<group>"; };
		EFA1088C2D8855DA00C38136 /* CameraPicker.swift */ = {isa = PBXFileReference; lastKnownFileType = sourcecode.swift; path = CameraPicker.swift; sourceTree = "<group>"; };
		EFD93FE72D8685AF0013CF13 /* GoogleService-Info.plist */ = {isa = PBXFileReference; lastKnownFileType = text.plist.xml; path = "GoogleService-Info.plist"; sourceTree = "<group>"; };
		EFD93FF02D8698810013CF13 /* LoadingComponentView.swift */ = {isa = PBXFileReference; lastKnownFileType = sourcecode.swift; path = LoadingComponentView.swift; sourceTree = "<group>"; };
		EFD93FF22D86A6220013CF13 /* User.swift */ = {isa = PBXFileReference; lastKnownFileType = sourcecode.swift; path = User.swift; sourceTree = "<group>"; };
		EFF69AF72D89A368004A8944 /* ProgressComponentView.swift */ = {isa = PBXFileReference; lastKnownFileType = sourcecode.swift; path = ProgressComponentView.swift; sourceTree = "<group>"; };
/* End PBXFileReference section */

/* Begin PBXFrameworksBuildPhase section */
		EF5161412D740A670096EF8F /* Frameworks */ = {
			isa = PBXFrameworksBuildPhase;
			buildActionMask = 2147483647;
			files = (
				EFD93FEB2D8687280013CF13 /* FirebaseAuth in Frameworks */,
				EFD93FED2D8687280013CF13 /* FirebaseFirestore in Frameworks */,
				EFD93FEF2D8687280013CF13 /* FirebaseStorage in Frameworks */,
			);
			runOnlyForDeploymentPostprocessing = 0;
		};
/* End PBXFrameworksBuildPhase section */

/* Begin PBXGroup section */
		EF51613B2D740A670096EF8F = {
			isa = PBXGroup;
			children = (
				EF51615F2D740ABE0096EF8F /* .gitignore */,
				EF51615A2D740A6F0096EF8F /* CookBook */,
				EF5161452D740A670096EF8F /* Products */,
			);
			sourceTree = "<group>";
		};
		EF5161452D740A670096EF8F /* Products */ = {
			isa = PBXGroup;
			children = (
				EF5161442D740A670096EF8F /* CookBook.app */,
			);
			name = Products;
			sourceTree = "<group>";
		};
		EF5161562D740A6F0096EF8F /* Preview Content */ = {
			isa = PBXGroup;
			children = (
				EF5161552D740A6F0096EF8F /* Preview Assets.xcassets */,
			);
			path = "Preview Content";
			sourceTree = "<group>";
		};
		EF51615A2D740A6F0096EF8F /* CookBook */ = {
			isa = PBXGroup;
			children = (
				EFA1088B2D8855C900C38136 /* Utility */,
				EF5161792D742A230096EF8F /* Manager */,
				EF5161622D740B3A0096EF8F /* Model */,
				EF5161692D7410CB0096EF8F /* ViewModel */,
				EF51616E2D74149A0096EF8F /* Component */,
				EF5161612D740B330096EF8F /* View */,
				EF5161592D740A6F0096EF8F /* CookBookApp.swift */,
				EFD93FE72D8685AF0013CF13 /* GoogleService-Info.plist */,
				EF5161572D740A6F0096EF8F /* Assets.xcassets */,
				EF5161672D740E0B0096EF8F /* Colors.xcassets */,
				EF5161562D740A6F0096EF8F /* Preview Content */,
			);
			path = CookBook;
			sourceTree = "<group>";
		};
		EF5161612D740B330096EF8F /* View */ = {
			isa = PBXGroup;
			children = (
				EF5161582D740A6F0096EF8F /* HomeView.swift */,
				EF5161652D740BDC0096EF8F /* LoginView.swift */,
				EF51616C2D7411760096EF8F /* RegisterView.swift */,
				EF51617C2D74345F0096EF8F /* RecipeDetailView.swift */,
				EF51617E2D7439020096EF8F /* AddRecipeView.swift */,
			);
			path = View;
			sourceTree = "<group>";
		};
		EF5161622D740B3A0096EF8F /* Model */ = {
			isa = PBXGroup;
			children = (
				EF5161632D740B580096EF8F /* Recipe.swift */,
				EF5161772D742A0C0096EF8F /* SessionState.swift */,
				EFD93FF22D86A6220013CF13 /* User.swift */,
			);
			path = Model;
			sourceTree = "<group>";
		};
		EF5161692D7410CB0096EF8F /* ViewModel */ = {
			isa = PBXGroup;
			children = (
				EF51616A2D7410E10096EF8F /* LoginViewModel.swift */,
				EF5161732D74243B0096EF8F /* RegisterViewModel.swift */,
				EF5161752D74282D0096EF8F /* HomeViewModel.swift */,
				EF5161802D7439260096EF8F /* AddRecipeViewModel.swift */,
				EFA1087A2D884FFB00C38136 /* ImageLoaderViewModel.swift */,
			);
			path = ViewModel;
			sourceTree = "<group>";
		};
		EF51616E2D74149A0096EF8F /* Component */ = {
			isa = PBXGroup;
			children = (
				EF51616F2D7414D90096EF8F /* AuthTextFieldStyle.swift */,
				EF5161712D741AAA0096EF8F /* PasswordComponentView.swift */,
				EF5161822D7439540096EF8F /* CapsuleTextFieldStyle.swift */,
				EF5161842D7439910096EF8F /* PrimaryButtonStyle.swift */,
				EFD93FF02D8698810013CF13 /* LoadingComponentView.swift */,
				EFF69AF72D89A368004A8944 /* ProgressComponentView.swift */,
			);
			path = Component;
			sourceTree = "<group>";
		};
		EF5161792D742A230096EF8F /* Manager */ = {
			isa = PBXGroup;
			children = (
				EF51617A2D742A4D0096EF8F /* SessionManager.swift */,
			);
			path = Manager;
			sourceTree = "<group>";
		};
		EFA1088B2D8855C900C38136 /* Utility */ = {
			isa = PBXGroup;
			children = (
				EFA1088C2D8855DA00C38136 /* CameraPicker.swift */,
			);
			path = Utility;
			sourceTree = "<group>";
		};
/* End PBXGroup section */

/* Begin PBXNativeTarget section */
		EF5161432D740A670096EF8F /* CookBook */ = {
			isa = PBXNativeTarget;
			buildConfigurationList = EF5161522D740A680096EF8F /* Build configuration list for PBXNativeTarget "CookBook" */;
			buildPhases = (
				EF5161402D740A670096EF8F /* Sources */,
				EF5161412D740A670096EF8F /* Frameworks */,
				EF5161422D740A670096EF8F /* Resources */,
			);
			buildRules = (
			);
			dependencies = (
			);
			name = CookBook;
			packageProductDependencies = (
				EFD93FEA2D8687280013CF13 /* FirebaseAuth */,
				EFD93FEC2D8687280013CF13 /* FirebaseFirestore */,
				EFD93FEE2D8687280013CF13 /* FirebaseStorage */,
			);
			productName = CookBook;
			productReference = EF5161442D740A670096EF8F /* CookBook.app */;
			productType = "com.apple.product-type.application";
		};
/* End PBXNativeTarget section */

/* Begin PBXProject section */
		EF51613C2D740A670096EF8F /* Project object */ = {
			isa = PBXProject;
			attributes = {
				BuildIndependentTargetsInParallel = 1;
				LastSwiftUpdateCheck = 1620;
				LastUpgradeCheck = 1620;
				TargetAttributes = {
					EF5161432D740A670096EF8F = {
						CreatedOnToolsVersion = 16.2;
					};
				};
			};
			buildConfigurationList = EF51613F2D740A670096EF8F /* Build configuration list for PBXProject "CookBook" */;
			developmentRegion = en;
			hasScannedForEncodings = 0;
			knownRegions = (
				en,
				Base,
			);
			mainGroup = EF51613B2D740A670096EF8F;
			minimizedProjectReferenceProxies = 1;
			packageReferences = (
				EFD93FE92D8687280013CF13 /* XCRemoteSwiftPackageReference "firebase-ios-sdk" */,
			);
			preferredProjectObjectVersion = 77;
			productRefGroup = EF5161452D740A670096EF8F /* Products */;
			projectDirPath = "";
			projectRoot = "";
			targets = (
				EF5161432D740A670096EF8F /* CookBook */,
			);
		};
/* End PBXProject section */

/* Begin PBXResourcesBuildPhase section */
		EF5161422D740A670096EF8F /* Resources */ = {
			isa = PBXResourcesBuildPhase;
			buildActionMask = 2147483647;
			files = (
				EF51615D2D740A6F0096EF8F /* Preview Assets.xcassets in Resources */,
				EF5161682D740E0B0096EF8F /* Colors.xcassets in Resources */,
				EFD93FE82D8685AF0013CF13 /* GoogleService-Info.plist in Resources */,
				EF5161602D740ABE0096EF8F /* .gitignore in Resources */,
				EF51615E2D740A6F0096EF8F /* Assets.xcassets in Resources */,
			);
			runOnlyForDeploymentPostprocessing = 0;
		};
/* End PBXResourcesBuildPhase section */

/* Begin PBXSourcesBuildPhase section */
		EF5161402D740A670096EF8F /* Sources */ = {
			isa = PBXSourcesBuildPhase;
			buildActionMask = 2147483647;
			files = (
				EF5161852D7439910096EF8F /* PrimaryButtonStyle.swift in Sources */,
				EF5161642D740B580096EF8F /* Recipe.swift in Sources */,
				EF51615B2D740A6F0096EF8F /* HomeView.swift in Sources */,
				EF51617D2D74345F0096EF8F /* RecipeDetailView.swift in Sources */,
				EF51617B2D742A4D0096EF8F /* SessionManager.swift in Sources */,
				EF5161702D7414D90096EF8F /* AuthTextFieldStyle.swift in Sources */,
				EF5161762D74282D0096EF8F /* HomeViewModel.swift in Sources */,
				EFA1087B2D884FFB00C38136 /* ImageLoaderViewModel.swift in Sources */,
				EF51617F2D7439020096EF8F /* AddRecipeView.swift in Sources */,
				EF5161662D740BDC0096EF8F /* LoginView.swift in Sources */,
				EFA1088D2D8855DA00C38136 /* CameraPicker.swift in Sources */,
				EF5161782D742A0C0096EF8F /* SessionState.swift in Sources */,
				EF51616D2D7411760096EF8F /* RegisterView.swift in Sources */,
				EF51616B2D7410E10096EF8F /* LoginViewModel.swift in Sources */,
				EF51615C2D740A6F0096EF8F /* CookBookApp.swift in Sources */,
				EF5161812D7439260096EF8F /* AddRecipeViewModel.swift in Sources */,
				EF5161832D7439540096EF8F /* CapsuleTextFieldStyle.swift in Sources */,
				EFF69AF82D89A368004A8944 /* ProgressComponentView.swift in Sources */,
				EFD93FF12D8698810013CF13 /* LoadingComponentView.swift in Sources */,
				EF5161742D74243B0096EF8F /* RegisterViewModel.swift in Sources */,
				EF5161722D741AAA0096EF8F /* PasswordComponentView.swift in Sources */,
				EFD93FF32D86A6220013CF13 /* User.swift in Sources */,
			);
			runOnlyForDeploymentPostprocessing = 0;
		};
/* End PBXSourcesBuildPhase section */

/* Begin XCBuildConfiguration section */
		EF5161502D740A680096EF8F /* Debug */ = {
			isa = XCBuildConfiguration;
			buildSettings = {
				ALWAYS_SEARCH_USER_PATHS = NO;
				ASSETCATALOG_COMPILER_GENERATE_SWIFT_ASSET_SYMBOL_EXTENSIONS = YES;
				CLANG_ANALYZER_NONNULL = YES;
				CLANG_ANALYZER_NUMBER_OBJECT_CONVERSION = YES_AGGRESSIVE;
				CLANG_CXX_LANGUAGE_STANDARD = "gnu++20";
				CLANG_ENABLE_MODULES = YES;
				CLANG_ENABLE_OBJC_ARC = YES;
				CLANG_ENABLE_OBJC_WEAK = YES;
				CLANG_WARN_BLOCK_CAPTURE_AUTORELEASING = YES;
				CLANG_WARN_BOOL_CONVERSION = YES;
				CLANG_WARN_COMMA = YES;
				CLANG_WARN_CONSTANT_CONVERSION = YES;
				CLANG_WARN_DEPRECATED_OBJC_IMPLEMENTATIONS = YES;
				CLANG_WARN_DIRECT_OBJC_ISA_USAGE = YES_ERROR;
				CLANG_WARN_DOCUMENTATION_COMMENTS = YES;
				CLANG_WARN_EMPTY_BODY = YES;
				CLANG_WARN_ENUM_CONVERSION = YES;
				CLANG_WARN_INFINITE_RECURSION = YES;
				CLANG_WARN_INT_CONVERSION = YES;
				CLANG_WARN_NON_LITERAL_NULL_CONVERSION = YES;
				CLANG_WARN_OBJC_IMPLICIT_RETAIN_SELF = YES;
				CLANG_WARN_OBJC_LITERAL_CONVERSION = YES;
				CLANG_WARN_OBJC_ROOT_CLASS = YES_ERROR;
				CLANG_WARN_QUOTED_INCLUDE_IN_FRAMEWORK_HEADER = YES;
				CLANG_WARN_RANGE_LOOP_ANALYSIS = YES;
				CLANG_WARN_STRICT_PROTOTYPES = YES;
				CLANG_WARN_SUSPICIOUS_MOVE = YES;
				CLANG_WARN_UNGUARDED_AVAILABILITY = YES_AGGRESSIVE;
				CLANG_WARN_UNREACHABLE_CODE = YES;
				CLANG_WARN__DUPLICATE_METHOD_MATCH = YES;
				COPY_PHASE_STRIP = NO;
				DEBUG_INFORMATION_FORMAT = dwarf;
				ENABLE_STRICT_OBJC_MSGSEND = YES;
				ENABLE_TESTABILITY = YES;
				ENABLE_USER_SCRIPT_SANDBOXING = YES;
				GCC_C_LANGUAGE_STANDARD = gnu17;
				GCC_DYNAMIC_NO_PIC = NO;
				GCC_NO_COMMON_BLOCKS = YES;
				GCC_OPTIMIZATION_LEVEL = 0;
				GCC_PREPROCESSOR_DEFINITIONS = (
					"DEBUG=1",
					"$(inherited)",
				);
				GCC_WARN_64_TO_32_BIT_CONVERSION = YES;
				GCC_WARN_ABOUT_RETURN_TYPE = YES_ERROR;
				GCC_WARN_UNDECLARED_SELECTOR = YES;
				GCC_WARN_UNINITIALIZED_AUTOS = YES_AGGRESSIVE;
				GCC_WARN_UNUSED_FUNCTION = YES;
				GCC_WARN_UNUSED_VARIABLE = YES;
				IPHONEOS_DEPLOYMENT_TARGET = 18.2;
				LOCALIZATION_PREFERS_STRING_CATALOGS = YES;
				MTL_ENABLE_DEBUG_INFO = INCLUDE_SOURCE;
				MTL_FAST_MATH = YES;
				ONLY_ACTIVE_ARCH = YES;
				SDKROOT = iphoneos;
				SWIFT_ACTIVE_COMPILATION_CONDITIONS = "DEBUG $(inherited)";
				SWIFT_OPTIMIZATION_LEVEL = "-Onone";
			};
			name = Debug;
		};
		EF5161512D740A680096EF8F /* Release */ = {
			isa = XCBuildConfiguration;
			buildSettings = {
				ALWAYS_SEARCH_USER_PATHS = NO;
				ASSETCATALOG_COMPILER_GENERATE_SWIFT_ASSET_SYMBOL_EXTENSIONS = YES;
				CLANG_ANALYZER_NONNULL = YES;
				CLANG_ANALYZER_NUMBER_OBJECT_CONVERSION = YES_AGGRESSIVE;
				CLANG_CXX_LANGUAGE_STANDARD = "gnu++20";
				CLANG_ENABLE_MODULES = YES;
				CLANG_ENABLE_OBJC_ARC = YES;
				CLANG_ENABLE_OBJC_WEAK = YES;
				CLANG_WARN_BLOCK_CAPTURE_AUTORELEASING = YES;
				CLANG_WARN_BOOL_CONVERSION = YES;
				CLANG_WARN_COMMA = YES;
				CLANG_WARN_CONSTANT_CONVERSION = YES;
				CLANG_WARN_DEPRECATED_OBJC_IMPLEMENTATIONS = YES;
				CLANG_WARN_DIRECT_OBJC_ISA_USAGE = YES_ERROR;
				CLANG_WARN_DOCUMENTATION_COMMENTS = YES;
				CLANG_WARN_EMPTY_BODY = YES;
				CLANG_WARN_ENUM_CONVERSION = YES;
				CLANG_WARN_INFINITE_RECURSION = YES;
				CLANG_WARN_INT_CONVERSION = YES;
				CLANG_WARN_NON_LITERAL_NULL_CONVERSION = YES;
				CLANG_WARN_OBJC_IMPLICIT_RETAIN_SELF = YES;
				CLANG_WARN_OBJC_LITERAL_CONVERSION = YES;
				CLANG_WARN_OBJC_ROOT_CLASS = YES_ERROR;
				CLANG_WARN_QUOTED_INCLUDE_IN_FRAMEWORK_HEADER = YES;
				CLANG_WARN_RANGE_LOOP_ANALYSIS = YES;
				CLANG_WARN_STRICT_PROTOTYPES = YES;
				CLANG_WARN_SUSPICIOUS_MOVE = YES;
				CLANG_WARN_UNGUARDED_AVAILABILITY = YES_AGGRESSIVE;
				CLANG_WARN_UNREACHABLE_CODE = YES;
				CLANG_WARN__DUPLICATE_METHOD_MATCH = YES;
				COPY_PHASE_STRIP = NO;
				DEBUG_INFORMATION_FORMAT = "dwarf-with-dsym";
				ENABLE_NS_ASSERTIONS = NO;
				ENABLE_STRICT_OBJC_MSGSEND = YES;
				ENABLE_USER_SCRIPT_SANDBOXING = YES;
				GCC_C_LANGUAGE_STANDARD = gnu17;
				GCC_NO_COMMON_BLOCKS = YES;
				GCC_WARN_64_TO_32_BIT_CONVERSION = YES;
				GCC_WARN_ABOUT_RETURN_TYPE = YES_ERROR;
				GCC_WARN_UNDECLARED_SELECTOR = YES;
				GCC_WARN_UNINITIALIZED_AUTOS = YES_AGGRESSIVE;
				GCC_WARN_UNUSED_FUNCTION = YES;
				GCC_WARN_UNUSED_VARIABLE = YES;
				IPHONEOS_DEPLOYMENT_TARGET = 18.2;
				LOCALIZATION_PREFERS_STRING_CATALOGS = YES;
				MTL_ENABLE_DEBUG_INFO = NO;
				MTL_FAST_MATH = YES;
				SDKROOT = iphoneos;
				SWIFT_COMPILATION_MODE = wholemodule;
				VALIDATE_PRODUCT = YES;
			};
			name = Release;
		};
		EF5161532D740A680096EF8F /* Debug */ = {
			isa = XCBuildConfiguration;
			buildSettings = {
				ASSETCATALOG_COMPILER_APPICON_NAME = AppIcon;
				ASSETCATALOG_COMPILER_GLOBAL_ACCENT_COLOR_NAME = AccentColor;
				CODE_SIGN_STYLE = Automatic;
				CURRENT_PROJECT_VERSION = 1;
				DEVELOPMENT_ASSET_PATHS = "\"CookBook/Preview Content\"";
				DEVELOPMENT_TEAM = T9MD4URZFH;
				ENABLE_PREVIEWS = YES;
				GENERATE_INFOPLIST_FILE = YES;
				INFOPLIST_KEY_NSCameraUsageDescription = "Cookbook need to access your Camera";
				INFOPLIST_KEY_NSPhotoLibraryUsageDescription = "Cookbook need to access your Photo Library";
				INFOPLIST_KEY_UIApplicationSceneManifest_Generation = YES;
				INFOPLIST_KEY_UIApplicationSupportsIndirectInputEvents = YES;
				INFOPLIST_KEY_UILaunchScreen_Generation = YES;
				INFOPLIST_KEY_UISupportedInterfaceOrientations_iPad = "UIInterfaceOrientationPortrait UIInterfaceOrientationPortraitUpsideDown UIInterfaceOrientationLandscapeLeft UIInterfaceOrientationLandscapeRight";
				INFOPLIST_KEY_UISupportedInterfaceOrientations_iPhone = "UIInterfaceOrientationPortrait UIInterfaceOrientationLandscapeLeft UIInterfaceOrientationLandscapeRight";
				LD_RUNPATH_SEARCH_PATHS = (
					"$(inherited)",
					"@executable_path/Frameworks",
				);
				MARKETING_VERSION = 1.0;
				PRODUCT_BUNDLE_IDENTIFIER = com.superkookai.CookBook;
				PRODUCT_NAME = "$(TARGET_NAME)";
				SWIFT_EMIT_LOC_STRINGS = YES;
				SWIFT_VERSION = 5.0;
				TARGETED_DEVICE_FAMILY = "1,2";
			};
			name = Debug;
		};
		EF5161542D740A680096EF8F /* Release */ = {
			isa = XCBuildConfiguration;
			buildSettings = {
				ASSETCATALOG_COMPILER_APPICON_NAME = AppIcon;
				ASSETCATALOG_COMPILER_GLOBAL_ACCENT_COLOR_NAME = AccentColor;
				CODE_SIGN_STYLE = Automatic;
				CURRENT_PROJECT_VERSION = 1;
				DEVELOPMENT_ASSET_PATHS = "\"CookBook/Preview Content\"";
				DEVELOPMENT_TEAM = T9MD4URZFH;
				ENABLE_PREVIEWS = YES;
				GENERATE_INFOPLIST_FILE = YES;
				INFOPLIST_KEY_NSCameraUsageDescription = "Cookbook need to access your Camera";
				INFOPLIST_KEY_NSPhotoLibraryUsageDescription = "Cookbook need to access your Photo Library";
				INFOPLIST_KEY_UIApplicationSceneManifest_Generation = YES;
				INFOPLIST_KEY_UIApplicationSupportsIndirectInputEvents = YES;
				INFOPLIST_KEY_UILaunchScreen_Generation = YES;
				INFOPLIST_KEY_UISupportedInterfaceOrientations_iPad = "UIInterfaceOrientationPortrait UIInterfaceOrientationPortraitUpsideDown UIInterfaceOrientationLandscapeLeft UIInterfaceOrientationLandscapeRight";
				INFOPLIST_KEY_UISupportedInterfaceOrientations_iPhone = "UIInterfaceOrientationPortrait UIInterfaceOrientationLandscapeLeft UIInterfaceOrientationLandscapeRight";
				LD_RUNPATH_SEARCH_PATHS = (
					"$(inherited)",
					"@executable_path/Frameworks",
				);
				MARKETING_VERSION = 1.0;
				PRODUCT_BUNDLE_IDENTIFIER = com.superkookai.CookBook;
				PRODUCT_NAME = "$(TARGET_NAME)";
				SWIFT_EMIT_LOC_STRINGS = YES;
				SWIFT_VERSION = 5.0;
				TARGETED_DEVICE_FAMILY = "1,2";
			};
			name = Release;
		};
/* End XCBuildConfiguration section */

/* Begin XCConfigurationList section */
		EF51613F2D740A670096EF8F /* Build configuration list for PBXProject "CookBook" */ = {
			isa = XCConfigurationList;
			buildConfigurations = (
				EF5161502D740A680096EF8F /* Debug */,
				EF5161512D740A680096EF8F /* Release */,
			);
			defaultConfigurationIsVisible = 0;
			defaultConfigurationName = Release;
		};
		EF5161522D740A680096EF8F /* Build configuration list for PBXNativeTarget "CookBook" */ = {
			isa = XCConfigurationList;
			buildConfigurations = (
				EF5161532D740A680096EF8F /* Debug */,
				EF5161542D740A680096EF8F /* Release */,
			);
			defaultConfigurationIsVisible = 0;
			defaultConfigurationName = Release;
		};
/* End XCConfigurationList section */

/* Begin XCRemoteSwiftPackageReference section */
		EFD93FE92D8687280013CF13 /* XCRemoteSwiftPackageReference "firebase-ios-sdk" */ = {
			isa = XCRemoteSwiftPackageReference;
			repositoryURL = "https://github.com/firebase/firebase-ios-sdk";
			requirement = {
				kind = upToNextMajorVersion;
				minimumVersion = 11.9.0;
			};
		};
/* End XCRemoteSwiftPackageReference section */

/* Begin XCSwiftPackageProductDependency section */
		EFD93FEA2D8687280013CF13 /* FirebaseAuth */ = {
			isa = XCSwiftPackageProductDependency;
			package = EFD93FE92D8687280013CF13 /* XCRemoteSwiftPackageReference "firebase-ios-sdk" */;
			productName = FirebaseAuth;
		};
		EFD93FEC2D8687280013CF13 /* FirebaseFirestore */ = {
			isa = XCSwiftPackageProductDependency;
			package = EFD93FE92D8687280013CF13 /* XCRemoteSwiftPackageReference "firebase-ios-sdk" */;
			productName = FirebaseFirestore;
		};
		EFD93FEE2D8687280013CF13 /* FirebaseStorage */ = {
			isa = XCSwiftPackageProductDependency;
			package = EFD93FE92D8687280013CF13 /* XCRemoteSwiftPackageReference "firebase-ios-sdk" */;
			productName = FirebaseStorage;
		};
/* End XCSwiftPackageProductDependency section */
	};
	rootObject = EF51613C2D740A670096EF8F /* Project object */;
}
